
Microsoft Visual Studio Solution File, Format Version 12.00
Project("{FAE04EC0-301F-11D3-BF4B-00C04F79EFBC}") = "User-Service", "User-Service.csproj", "{3F8941C2-D2D3-43A3-8604-6771FF46CBFB}"
EndProject
Global
	GlobalSection(SolutionConfigurationPlatforms) = preSolution
		Debug|Any CPU = Debug|Any CPU
		Release|Any CPU = Release|Any CPU
	EndGlobalSection
	GlobalSection(ProjectConfigurationPlatforms) = postSolution
		{3F8941C2-D2D3-43A3-8604-6771FF46CBFB}.Debug|Any CPU.ActiveCfg = Debug|Any CPU
		{3F8941C2-D2D3-43A3-8604-6771FF46CBFB}.Debug|Any CPU.Build.0 = Debug|Any CPU
		{3F8941C2-D2D3-43A3-8604-6771FF46CBFB}.Release|Any CPU.ActiveCfg = Release|Any CPU
		{3F8941C2-D2D3-43A3-8604-6771FF46CBFB}.Release|Any CPU.Build.0 = Release|Any CPU
	EndGlobalSection
EndGlobal
